// !$*UTF8*$!
{
	archiveVersion = 1;
	classes = {
	};
	objectVersion = 48;
	objects = {

/* Begin PBXBuildFile section */
		AC24B04A2033D6F3000F642E /* AppDelegate.swift in Sources */ = {isa = PBXBuildFile; fileRef = AC24B0492033D6F3000F642E /* AppDelegate.swift */; };
		AC24B04C2033D6F3000F642E /* ToDoListViewController.swift in Sources */ = {isa = PBXBuildFile; fileRef = AC24B04B2033D6F3000F642E /* ToDoListViewController.swift */; };
		AC24B04F2033D6F3000F642E /* Main.storyboard in Resources */ = {isa = PBXBuildFile; fileRef = AC24B04D2033D6F3000F642E /* Main.storyboard */; };
		AC24B0512033D6F3000F642E /* Assets.xcassets in Resources */ = {isa = PBXBuildFile; fileRef = AC24B0502033D6F3000F642E /* Assets.xcassets */; };
		AC24B0542033D6F3000F642E /* LaunchScreen.storyboard in Resources */ = {isa = PBXBuildFile; fileRef = AC24B0522033D6F3000F642E /* LaunchScreen.storyboard */; };
		AC24B05C2033DB58000F642E /* namaTVC.swift in Sources */ = {isa = PBXBuildFile; fileRef = AC24B05B2033DB58000F642E /* namaTVC.swift */; };
		ACBA368820352EB20064D74B /* Item.swift in Sources */ = {isa = PBXBuildFile; fileRef = ACBA368720352EB20064D74B /* Item.swift */; };
/* End PBXBuildFile section */

/* Begin PBXFileReference section */
		AC24B0462033D6F3000F642E /* TestTableView.app */ = {isa = PBXFileReference; explicitFileType = wrapper.application; includeInIndex = 0; path = TestTableView.app; sourceTree = BUILT_PRODUCTS_DIR; };
		AC24B0492033D6F3000F642E /* AppDelegate.swift */ = {isa = PBXFileReference; lastKnownFileType = sourcecode.swift; path = AppDelegate.swift; sourceTree = "<group>"; };
		AC24B04B2033D6F3000F642E /* ToDoListViewController.swift */ = {isa = PBXFileReference; lastKnownFileType = sourcecode.swift; path = ToDoListViewController.swift; sourceTree = "<group>"; };
		AC24B04E2033D6F3000F642E /* Base */ = {isa = PBXFileReference; lastKnownFileType = file.storyboard; name = Base; path = Base.lproj/Main.storyboard; sourceTree = "<group>"; };
		AC24B0502033D6F3000F642E /* Assets.xcassets */ = {isa = PBXFileReference; lastKnownFileType = folder.assetcatalog; path = Assets.xcassets; sourceTree = "<group>"; };
		AC24B0532033D6F3000F642E /* Base */ = {isa = PBXFileReference; lastKnownFileType = file.storyboard; name = Base; path = Base.lproj/LaunchScreen.storyboard; sourceTree = "<group>"; };
		AC24B0552033D6F3000F642E /* Info.plist */ = {isa = PBXFileReference; lastKnownFileType = text.plist.xml; path = Info.plist; sourceTree = "<group>"; };
		AC24B05B2033DB58000F642E /* namaTVC.swift */ = {isa = PBXFileReference; lastKnownFileType = sourcecode.swift; path = namaTVC.swift; sourceTree = "<group>"; };
		ACBA368720352EB20064D74B /* Item.swift */ = {isa = PBXFileReference; lastKnownFileType = sourcecode.swift; path = Item.swift; sourceTree = "<group>"; };
/* End PBXFileReference section */

/* Begin PBXFrameworksBuildPhase section */
		AC24B0432033D6F3000F642E /* Frameworks */ = {
			isa = PBXFrameworksBuildPhase;
			buildActionMask = 2147483647;
			files = (
			);
			runOnlyForDeploymentPostprocessing = 0;
		};
/* End PBXFrameworksBuildPhase section */

/* Begin PBXGroup section */
		AC24B03D2033D6F3000F642E = {
			isa = PBXGroup;
			children = (
				AC24B0482033D6F3000F642E /* TestTableView */,
				AC24B0472033D6F3000F642E /* Products */,
			);
			sourceTree = "<group>";
		};
		AC24B0472033D6F3000F642E /* Products */ = {
			isa = PBXGroup;
			children = (
				AC24B0462033D6F3000F642E /* TestTableView.app */,
			);
			name = Products;
			sourceTree = "<group>";
		};
		AC24B0482033D6F3000F642E /* TestTableView */ = {
			isa = PBXGroup;
			children = (
				ACBA368620352E990064D74B /* Supporting File */,
				ACBA368520352E820064D74B /* Controller */,
				ACBA368420352E7D0064D74B /* View */,
				ACBA368320352E780064D74B /* Model */,
				AC24B0502033D6F3000F642E /* Assets.xcassets */,
				AC24B0522033D6F3000F642E /* LaunchScreen.storyboard */,
				AC24B0552033D6F3000F642E /* Info.plist */,
			);
			path = TestTableView;
			sourceTree = "<group>";
		};
		ACBA368320352E780064D74B /* Model */ = {
			isa = PBXGroup;
			children = (
				ACBA368720352EB20064D74B /* Item.swift */,
			);
			path = Model;
			sourceTree = "<group>";
		};
		ACBA368420352E7D0064D74B /* View */ = {
			isa = PBXGroup;
			children = (
				AC24B04D2033D6F3000F642E /* Main.storyboard */,
				AC24B05B2033DB58000F642E /* namaTVC.swift */,
			);
			path = View;
			sourceTree = "<group>";
		};
		ACBA368520352E820064D74B /* Controller */ = {
			isa = PBXGroup;
			children = (
				AC24B04B2033D6F3000F642E /* ToDoListViewController.swift */,
			);
			path = Controller;
			sourceTree = "<group>";
		};
		ACBA368620352E990064D74B /* Supporting File */ = {
			isa = PBXGroup;
			children = (
				AC24B0492033D6F3000F642E /* AppDelegate.swift */,
			);
			path = "Supporting File";
			sourceTree = "<group>";
		};
/* End PBXGroup section */

/* Begin PBXNativeTarget section */
		AC24B0452033D6F3000F642E /* TestTableView */ = {
			isa = PBXNativeTarget;
			buildConfigurationList = AC24B0582033D6F3000F642E /* Build configuration list for PBXNativeTarget "TestTableView" */;
			buildPhases = (
				AC24B0422033D6F3000F642E /* Sources */,
				AC24B0432033D6F3000F642E /* Frameworks */,
				AC24B0442033D6F3000F642E /* Resources */,
			);
			buildRules = (
			);
			dependencies = (
			);
			name = TestTableView;
			productName = TestTableView;
			productReference = AC24B0462033D6F3000F642E /* TestTableView.app */;
			productType = "com.apple.product-type.application";
		};
/* End PBXNativeTarget section */

/* Begin PBXProject section */
		AC24B03E2033D6F3000F642E /* Project object */ = {
			isa = PBXProject;
			attributes = {
				LastSwiftUpdateCheck = 0920;
				LastUpgradeCheck = 0920;
				ORGANIZATIONNAME = adv;
				TargetAttributes = {
					AC24B0452033D6F3000F642E = {
						CreatedOnToolsVersion = 9.2;
						ProvisioningStyle = Automatic;
					};
				};
			};
			buildConfigurationList = AC24B0412033D6F3000F642E /* Build configuration list for PBXProject "TestTableView" */;
			compatibilityVersion = "Xcode 8.0";
			developmentRegion = en;
			hasScannedForEncodings = 0;
			knownRegions = (
				en,
				Base,
			);
			mainGroup = AC24B03D2033D6F3000F642E;
			productRefGroup = AC24B0472033D6F3000F642E /* Products */;
			projectDirPath = "";
			projectRoot = "";
			targets = (
				AC24B0452033D6F3000F642E /* TestTableView */,
			);
		};
/* End PBXProject section */

/* Begin PBXResourcesBuildPhase section */
		AC24B0442033D6F3000F642E /* Resources */ = {
			isa = PBXResourcesBuildPhase;
			buildActionMask = 2147483647;
			files = (
				AC24B0542033D6F3000F642E /* LaunchScreen.storyboard in Resources */,
				AC24B0512033D6F3000F642E /* Assets.xcassets in Resources */,
				AC24B04F2033D6F3000F642E /* Main.storyboard in Resources */,
			);
			runOnlyForDeploymentPostprocessing = 0;
		};
/* End PBXResourcesBuildPhase section */

/* Begin PBXSourcesBuildPhase section */
		AC24B0422033D6F3000F642E /* Sources */ = {
			isa = PBXSourcesBuildPhase;
			buildActionMask = 2147483647;
			files = (
				ACBA368820352EB20064D74B /* Item.swift in Sources */,
				AC24B04C2033D6F3000F642E /* ToDoListViewController.swift in Sources */,
				AC24B05C2033DB58000F642E /* namaTVC.swift in Sources */,
				AC24B04A2033D6F3000F642E /* AppDelegate.swift in Sources */,
			);
			runOnlyForDeploymentPostprocessing = 0;
		};
/* End PBXSourcesBuildPhase section */

/* Begin PBXVariantGroup section */
		AC24B04D2033D6F3000F642E /* Main.storyboard */ = {
			isa = PBXVariantGroup;
			children = (
				AC24B04E2033D6F3000F642E /* Base */,
			);
			name = Main.storyboard;
			sourceTree = "<group>";
		};
		AC24B0522033D6F3000F642E /* LaunchScreen.storyboard */ = {
			isa = PBXVariantGroup;
			children = (
				AC24B0532033D6F3000F642E /* Base */,
			);
			name = LaunchScreen.storyboard;
			sourceTree = "<group>";
		};
/* End PBXVariantGroup section */

/* Begin XCBuildConfiguration section */
		AC24B0562033D6F3000F642E /* Debug */ = {
			isa = XCBuildConfiguration;
			buildSettings = {
				ALWAYS_SEARCH_USER_PATHS = NO;
				CLANG_ANALYZER_NONNULL = YES;
				CLANG_ANALYZER_NUMBER_OBJECT_CONVERSION = YES_AGGRESSIVE;
				CLANG_CXX_LANGUAGE_STANDARD = "gnu++14";
				CLANG_CXX_LIBRARY = "libc++";
				CLANG_ENABLE_MODULES = YES;
				CLANG_ENABLE_OBJC_ARC = YES;
				CLANG_WARN_BLOCK_CAPTURE_AUTORELEASING = YES;
				CLANG_WARN_BOOL_CONVERSION = YES;
				CLANG_WARN_COMMA = YES;
				CLANG_WARN_CONSTANT_CONVERSION = YES;
				CLANG_WARN_DIRECT_OBJC_ISA_USAGE = YES_ERROR;
				CLANG_WARN_DOCUMENTATION_COMMENTS = YES;
				CLANG_WARN_EMPTY_BODY = YES;
				CLANG_WARN_ENUM_CONVERSION = YES;
				CLANG_WARN_INFINITE_RECURSION = YES;
				CLANG_WARN_INT_CONVERSION = YES;
				CLANG_WARN_NON_LITERAL_NULL_CONVERSION = YES;
				CLANG_WARN_OBJC_LITERAL_CONVERSION = YES;
				CLANG_WARN_OBJC_ROOT_CLASS = YES_ERROR;
				CLANG_WARN_RANGE_LOOP_ANALYSIS = YES;
				CLANG_WARN_STRICT_PROTOTYPES = YES;
				CLANG_WARN_SUSPICIOUS_MOVE = YES;
				CLANG_WARN_UNGUARDED_AVAILABILITY = YES_AGGRESSIVE;
				CLANG_WARN_UNREACHABLE_CODE = YES;
				CLANG_WARN__DUPLICATE_METHOD_MATCH = YES;
				CODE_SIGN_IDENTITY = "iPhone Developer";
				COPY_PHASE_STRIP = NO;
				DEBUG_INFORMATION_FORMAT = dwarf;
				ENABLE_STRICT_OBJC_MSGSEND = YES;
				ENABLE_TESTABILITY = YES;
				GCC_C_LANGUAGE_STANDARD = gnu11;
				GCC_DYNAMIC_NO_PIC = NO;
				GCC_NO_COMMON_BLOCKS = YES;
				GCC_OPTIMIZATION_LEVEL = 0;
				GCC_PREPROCESSOR_DEFINITIONS = (
					"DEBUG=1",
					"$(inherited)",
				);
				GCC_WARN_64_TO_32_BIT_CONVERSION = YES;
				GCC_WARN_ABOUT_RETURN_TYPE = YES_ERROR;
				GCC_WARN_UNDECLARED_SELECTOR = YES;
				GCC_WARN_UNINITIALIZED_AUTOS = YES_AGGRESSIVE;
				GCC_WARN_UNUSED_FUNCTION = YES;
				GCC_WARN_UNUSED_VARIABLE = YES;
				IPHONEOS_DEPLOYMENT_TARGET = 11.2;
				MTL_ENABLE_DEBUG_INFO = YES;
				ONLY_ACTIVE_ARCH = YES;
				SDKROOT = iphoneos;
				SWIFT_ACTIVE_COMPILATION_CONDITIONS = DEBUG;
				SWIFT_OPTIMIZATION_LEVEL = "-Onone";
			};
			name = Debug;
		};
		AC24B0572033D6F3000F642E /* Release */ = {
			isa = XCBuildConfiguration;
			buildSettings = {
				ALWAYS_SEARCH_USER_PATHS = NO;
				CLANG_ANALYZER_NONNULL = YES;
				CLANG_ANALYZER_NUMBER_OBJECT_CONVERSION = YES_AGGRESSIVE;
				CLANG_CXX_LANGUAGE_STANDARD = "gnu++14";
				CLANG_CXX_LIBRARY = "libc++";
				CLANG_ENABLE_MODULES = YES;
				CLANG_ENABLE_OBJC_ARC = YES;
				CLANG_WARN_BLOCK_CAPTURE_AUTORELEASING = YES;
				CLANG_WARN_BOOL_CONVERSION = YES;
				CLANG_WARN_COMMA = YES;
				CLANG_WARN_CONSTANT_CONVERSION = YES;
				CLANG_WARN_DIRECT_OBJC_ISA_USAGE = YES_ERROR;
				CLANG_WARN_DOCUMENTATION_COMMENTS = YES;
				CLANG_WARN_EMPTY_BODY = YES;
				CLANG_WARN_ENUM_CONVERSION = YES;
				CLANG_WARN_INFINITE_RECURSION = YES;
				CLANG_WARN_INT_CONVERSION = YES;
				CLANG_WARN_NON_LITERAL_NULL_CONVERSION = YES;
				CLANG_WARN_OBJC_LITERAL_CONVERSION = YES;
				CLANG_WARN_OBJC_ROOT_CLASS = YES_ERROR;
				CLANG_WARN_RANGE_LOOP_ANALYSIS = YES;
				CLANG_WARN_STRICT_PROTOTYPES = YES;
				CLANG_WARN_SUSPICIOUS_MOVE = YES;
				CLANG_WARN_UNGUARDED_AVAILABILITY = YES_AGGRESSIVE;
				CLANG_WARN_UNREACHABLE_CODE = YES;
				CLANG_WARN__DUPLICATE_METHOD_MATCH = YES;
				CODE_SIGN_IDENTITY = "iPhone Developer";
				COPY_PHASE_STRIP = NO;
				DEBUG_INFORMATION_FORMAT = "dwarf-with-dsym";
				ENABLE_NS_ASSERTIONS = NO;
				ENABLE_STRICT_OBJC_MSGSEND = YES;
				GCC_C_LANGUAGE_STANDARD = gnu11;
				GCC_NO_COMMON_BLOCKS = YES;
				GCC_WARN_64_TO_32_BIT_CONVERSION = YES;
				GCC_WARN_ABOUT_RETURN_TYPE = YES_ERROR;
				GCC_WARN_UNDECLARED_SELECTOR = YES;
				GCC_WARN_UNINITIALIZED_AUTOS = YES_AGGRESSIVE;
				GCC_WARN_UNUSED_FUNCTION = YES;
				GCC_WARN_UNUSED_VARIABLE = YES;
				IPHONEOS_DEPLOYMENT_TARGET = 11.2;
				MTL_ENABLE_DEBUG_INFO = NO;
				SDKROOT = iphoneos;
				SWIFT_OPTIMIZATION_LEVEL = "-Owholemodule";
				VALIDATE_PRODUCT = YES;
			};
			name = Release;
		};
		AC24B0592033D6F3000F642E /* Debug */ = {
			isa = XCBuildConfiguration;
			buildSettings = {
				ASSETCATALOG_COMPILER_APPICON_NAME = AppIcon;
				CODE_SIGN_STYLE = Automatic;
				DEVELOPMENT_TEAM = 4DG8VUH555;
				INFOPLIST_FILE = TestTableView/Info.plist;
				LD_RUNPATH_SEARCH_PATHS = "$(inherited) @executable_path/Frameworks";
				PRODUCT_BUNDLE_IDENTIFIER = com.mobile.TestTableView;
				PRODUCT_NAME = "$(TARGET_NAME)";
				SWIFT_VERSION = 4.0;
				TARGETED_DEVICE_FAMILY = "1,2";
			};
			name = Debug;
		};
		AC24B05A2033D6F3000F642E /* Release */ = {
			isa = XCBuildConfiguration;
			buildSettings = {
				ASSETCATALOG_COMPILER_APPICON_NAME = AppIcon;
				CODE_SIGN_STYLE = Automatic;
				DEVELOPMENT_TEAM = 4DG8VUH555;
				INFOPLIST_FILE = TestTableView/Info.plist;
				LD_RUNPATH_SEARCH_PATHS = "$(inherited) @executable_path/Frameworks";
				PRODUCT_BUNDLE_IDENTIFIER = com.mobile.TestTableView;
				PRODUCT_NAME = "$(TARGET_NAME)";
				SWIFT_VERSION = 4.0;
				TARGETED_DEVICE_FAMILY = "1,2";
			};
			name = Release;
		};
/* End XCBuildConfiguration section */

/* Begin XCConfigurationList section */
		AC24B0412033D6F3000F642E /* Build configuration list for PBXProject "TestTableView" */ = {
			isa = XCConfigurationList;
			buildConfigurations = (
				AC24B0562033D6F3000F642E /* Debug */,
				AC24B0572033D6F3000F642E /* Release */,
			);
			defaultConfigurationIsVisible = 0;
			defaultConfigurationName = Release;
		};
		AC24B0582033D6F3000F642E /* Build configuration list for PBXNativeTarget "TestTableView" */ = {
			isa = XCConfigurationList;
			buildConfigurations = (
				AC24B0592033D6F3000F642E /* Debug */,
				AC24B05A2033D6F3000F642E /* Release */,
			);
			defaultConfigurationIsVisible = 0;
			defaultConfigurationName = Release;
		};
/* End XCConfigurationList section */
	};
	rootObject = AC24B03E2033D6F3000F642E /* Project object */;
}
